
Microsoft Visual Studio Solution File, Format Version 12.00
# Visual Studio Version 16
VisualStudioVersion = 16.0.29509.3
MinimumVisualStudioVersion = 10.0.40219.1
Project("{FAE04EC0-301F-11D3-BF4B-00C04F79EFBC}") = "FerrGraphNet", "FerrGraphNet.csproj", "{B37BAB9C-C98D-4EDE-A3C5-915A02F7E689}"
EndProject
Global
	GlobalSection(SolutionConfigurationPlatforms) = preSolution
		Debug|Any CPU = Debug|Any CPU
		Release|Any CPU = Release|Any CPU
	EndGlobalSection
	GlobalSection(ProjectConfigurationPlatforms) = postSolution
		{B37BAB9C-C98D-4EDE-A3C5-915A02F7E689}.Debug|Any CPU.ActiveCfg = Debug|Any CPU
		{B37BAB9C-C98D-4EDE-A3C5-915A02F7E689}.Debug|Any CPU.Build.0 = Debug|Any CPU
		{B37BAB9C-C98D-4EDE-A3C5-915A02F7E689}.Release|Any CPU.ActiveCfg = Release|Any CPU
		{B37BAB9C-C98D-4EDE-A3C5-915A02F7E689}.Release|Any CPU.Build.0 = Release|Any CPU
	EndGlobalSection
	GlobalSection(SolutionProperties) = preSolution
		HideSolutionNode = FALSE
	EndGlobalSection
	GlobalSection(ExtensibilityGlobals) = postSolution
		SolutionGuid = {1248DFC2-3FAC-43AE-BD36-54FFFB2FDD4E}
	EndGlobalSection
EndGlobal
